
Microsoft Visual Studio Solution File, Format Version 12.00
# Visual Studio Version 16
VisualStudioVersion = 16.0.31112.23
MinimumVisualStudioVersion = 10.0.40219.1
Project("{FAE04EC0-301F-11D3-BF4B-00C04F79EFBC}") = "gui random", "gui random\gui random.csproj", "{3714BCC8-1E78-46B8-8852-837DF5F533DD}"
EndProject
Global
	GlobalSection(SolutionConfigurationPlatforms) = preSolution
		Debug|Any CPU = Debug|Any CPU
		Release|Any CPU = Release|Any CPU
	EndGlobalSection
	GlobalSection(ProjectConfigurationPlatforms) = postSolution
		{3714BCC8-1E78-46B8-8852-837DF5F533DD}.Debug|Any CPU.ActiveCfg = Debug|Any CPU
		{3714BCC8-1E78-46B8-8852-837DF5F533DD}.Debug|Any CPU.Build.0 = Debug|Any CPU
		{3714BCC8-1E78-46B8-8852-837DF5F533DD}.Release|Any CPU.ActiveCfg = Release|Any CPU
		{3714BCC8-1E78-46B8-8852-837DF5F533DD}.Release|Any CPU.Build.0 = Release|Any CPU
	EndGlobalSection
	GlobalSection(SolutionProperties) = preSolution
		HideSolutionNode = FALSE
	EndGlobalSection
	GlobalSection(ExtensibilityGlobals) = postSolution
		SolutionGuid = {0583114D-C46F-4DAA-B0C8-8EDD87C5AF3E}
	EndGlobalSection
EndGlobal
